
Microsoft Visual Studio Solution File, Format Version 12.00
# Visual Studio Version 17
VisualStudioVersion = 17.3.32825.248
MinimumVisualStudioVersion = 10.0.40219.1
Project("{9A19103F-16F7-4668-BE54-9A1E7A4F7556}") = "CalculatorRoman", "CalculatorRoman\CalculatorRoman.csproj", "{EE1F4EE3-382C-4C00-9C11-A7CD5307BE08}"
EndProject
Project("{9A19103F-16F7-4668-BE54-9A1E7A4F7556}") = "CalculatorRoman.Tests", "CalculatorRoman.Tests\CalculatorRoman.Tests.csproj", "{DA691887-25E0-4A35-A2DA-4EBD6F912853}"
EndProject
Project("{FAE04EC0-301F-11D3-BF4B-00C04F79EFBC}") = "CalculatorRoman.Benchmark", "CalculatorRoman.Benchmark\CalculatorRoman.Benchmark.csproj", "{F4225DE2-DF6D-4416-A019-5B77260B9FE2}"
EndProject
Global
	GlobalSection(SolutionConfigurationPlatforms) = preSolution
		Debug|Any CPU = Debug|Any CPU
		Release|Any CPU = Release|Any CPU
	EndGlobalSection
	GlobalSection(ProjectConfigurationPlatforms) = postSolution
		{EE1F4EE3-382C-4C00-9C11-A7CD5307BE08}.Debug|Any CPU.ActiveCfg = Debug|Any CPU
		{EE1F4EE3-382C-4C00-9C11-A7CD5307BE08}.Debug|Any CPU.Build.0 = Debug|Any CPU
		{EE1F4EE3-382C-4C00-9C11-A7CD5307BE08}.Release|Any CPU.ActiveCfg = Release|Any CPU
		{EE1F4EE3-382C-4C00-9C11-A7CD5307BE08}.Release|Any CPU.Build.0 = Release|Any CPU
		{DA691887-25E0-4A35-A2DA-4EBD6F912853}.Debug|Any CPU.ActiveCfg = Debug|Any CPU
		{DA691887-25E0-4A35-A2DA-4EBD6F912853}.Debug|Any CPU.Build.0 = Debug|Any CPU
		{DA691887-25E0-4A35-A2DA-4EBD6F912853}.Release|Any CPU.ActiveCfg = Release|Any CPU
		{DA691887-25E0-4A35-A2DA-4EBD6F912853}.Release|Any CPU.Build.0 = Release|Any CPU
		{F4225DE2-DF6D-4416-A019-5B77260B9FE2}.Debug|Any CPU.ActiveCfg = Debug|Any CPU
		{F4225DE2-DF6D-4416-A019-5B77260B9FE2}.Debug|Any CPU.Build.0 = Debug|Any CPU
		{F4225DE2-DF6D-4416-A019-5B77260B9FE2}.Release|Any CPU.ActiveCfg = Release|Any CPU
		{F4225DE2-DF6D-4416-A019-5B77260B9FE2}.Release|Any CPU.Build.0 = Release|Any CPU
	EndGlobalSection
	GlobalSection(SolutionProperties) = preSolution
		HideSolutionNode = FALSE
	EndGlobalSection
	GlobalSection(ExtensibilityGlobals) = postSolution
		SolutionGuid = {6EB4B438-D37E-444A-9CE6-18DE0B09AE5F}
	EndGlobalSection
EndGlobal
